
Microsoft Visual Studio Solution File, Format Version 11.00
# Visual Studio 2010
Project("{FAE04EC0-301F-11D3-BF4B-00C04F79EFBC}") = "Polis", "Assembly-CSharp.csproj", "{142111AA-FCCF-EFA3-E1C7-AD0B1E98EF77}"
EndProject
Global
	GlobalSection(SolutionConfigurationPlatforms) = preSolution
		Debug|Any CPU = Debug|Any CPU
		Release|Any CPU = Release|Any CPU
	EndGlobalSection
	GlobalSection(ProjectConfigurationPlatforms) = postSolution
		{142111AA-FCCF-EFA3-E1C7-AD0B1E98EF77}.Debug|Any CPU.ActiveCfg = Debug|Any CPU
		{142111AA-FCCF-EFA3-E1C7-AD0B1E98EF77}.Debug|Any CPU.Build.0 = Debug|Any CPU
		{142111AA-FCCF-EFA3-E1C7-AD0B1E98EF77}.Release|Any CPU.ActiveCfg = Release|Any CPU
		{142111AA-FCCF-EFA3-E1C7-AD0B1E98EF77}.Release|Any CPU.Build.0 = Release|Any CPU
	EndGlobalSection
	GlobalSection(SolutionProperties) = preSolution
		HideSolutionNode = FALSE
	EndGlobalSection
	GlobalSection(MonoDevelopProperties) = preSolution
		StartupItem = Assembly-CSharp.csproj
	EndGlobalSection
EndGlobal
